// !$*UTF8*$!
{
	archiveVersion = 1;
	classes = {
	};
	objectVersion = 56;
	objects = {

/* Begin PBXBuildFile section */
		4C78CF562C4EAD3100819AF8 /* AppDelegate.swift in Sources */ = {isa = PBXBuildFile; fileRef = 4C78CF552C4EAD3100819AF8 /* AppDelegate.swift */; };
		4C78CF582C4EAD3100819AF8 /* SceneDelegate.swift in Sources */ = {isa = PBXBuildFile; fileRef = 4C78CF572C4EAD3100819AF8 /* SceneDelegate.swift */; };
		4C78CF5A2C4EAD3100819AF8 /* ViewController.swift in Sources */ = {isa = PBXBuildFile; fileRef = 4C78CF592C4EAD3100819AF8 /* ViewController.swift */; };
		4C78CF5D2C4EAD3200819AF8 /* Base in Resources */ = {isa = PBXBuildFile; fileRef = 4C78CF5C2C4EAD3200819AF8 /* Base */; };
		4C78CF5F2C4EAD3400819AF8 /* Assets.xcassets in Resources */ = {isa = PBXBuildFile; fileRef = 4C78CF5E2C4EAD3400819AF8 /* Assets.xcassets */; };
		4C78CF622C4EAD3400819AF8 /* Base in Resources */ = {isa = PBXBuildFile; fileRef = 4C78CF612C4EAD3400819AF8 /* Base */; };
		4C78CF6D2C4EAD3400819AF8 /* UIKIt_TipCalculatorTests.swift in Sources */ = {isa = PBXBuildFile; fileRef = 4C78CF6C2C4EAD3400819AF8 /* UIKIt_TipCalculatorTests.swift */; };
		4C78CF772C4EAD3400819AF8 /* UIKIt_TipCalculatorUITests.swift in Sources */ = {isa = PBXBuildFile; fileRef = 4C78CF762C4EAD3400819AF8 /* UIKIt_TipCalculatorUITests.swift */; };
		4C78CF792C4EAD3400819AF8 /* UIKIt_TipCalculatorUITestsLaunchTests.swift in Sources */ = {isa = PBXBuildFile; fileRef = 4C78CF782C4EAD3400819AF8 /* UIKIt_TipCalculatorUITestsLaunchTests.swift */; };
/* End PBXBuildFile section */

/* Begin PBXContainerItemProxy section */
		4C78CF692C4EAD3400819AF8 /* PBXContainerItemProxy */ = {
			isa = PBXContainerItemProxy;
			containerPortal = 4C78CF4A2C4EAD3100819AF8 /* Project object */;
			proxyType = 1;
			remoteGlobalIDString = 4C78CF512C4EAD3100819AF8;
			remoteInfo = UIKIt_TipCalculator;
		};
		4C78CF732C4EAD3400819AF8 /* PBXContainerItemProxy */ = {
			isa = PBXContainerItemProxy;
			containerPortal = 4C78CF4A2C4EAD3100819AF8 /* Project object */;
			proxyType = 1;
			remoteGlobalIDString = 4C78CF512C4EAD3100819AF8;
			remoteInfo = UIKIt_TipCalculator;
		};
/* End PBXContainerItemProxy section */

/* Begin PBXFileReference section */
		4C78CF522C4EAD3100819AF8 /* UIKIt_TipCalculator.app */ = {isa = PBXFileReference; explicitFileType = wrapper.application; includeInIndex = 0; path = UIKIt_TipCalculator.app; sourceTree = BUILT_PRODUCTS_DIR; };
		4C78CF552C4EAD3100819AF8 /* AppDelegate.swift */ = {isa = PBXFileReference; lastKnownFileType = sourcecode.swift; path = AppDelegate.swift; sourceTree = "<group>"; };
		4C78CF572C4EAD3100819AF8 /* SceneDelegate.swift */ = {isa = PBXFileReference; lastKnownFileType = sourcecode.swift; path = SceneDelegate.swift; sourceTree = "<group>"; };
		4C78CF592C4EAD3100819AF8 /* ViewController.swift */ = {isa = PBXFileReference; lastKnownFileType = sourcecode.swift; path = ViewController.swift; sourceTree = "<group>"; };
		4C78CF5C2C4EAD3200819AF8 /* Base */ = {isa = PBXFileReference; lastKnownFileType = file.storyboard; name = Base; path = Base.lproj/Main.storyboard; sourceTree = "<group>"; };
		4C78CF5E2C4EAD3400819AF8 /* Assets.xcassets */ = {isa = PBXFileReference; lastKnownFileType = folder.assetcatalog; path = Assets.xcassets; sourceTree = "<group>"; };
		4C78CF612C4EAD3400819AF8 /* Base */ = {isa = PBXFileReference; lastKnownFileType = file.storyboard; name = Base; path = Base.lproj/LaunchScreen.storyboard; sourceTree = "<group>"; };
		4C78CF632C4EAD3400819AF8 /* Info.plist */ = {isa = PBXFileReference; lastKnownFileType = text.plist.xml; path = Info.plist; sourceTree = "<group>"; };
		4C78CF682C4EAD3400819AF8 /* UIKIt_TipCalculatorTests.xctest */ = {isa = PBXFileReference; explicitFileType = wrapper.cfbundle; includeInIndex = 0; path = UIKIt_TipCalculatorTests.xctest; sourceTree = BUILT_PRODUCTS_DIR; };
		4C78CF6C2C4EAD3400819AF8 /* UIKIt_TipCalculatorTests.swift */ = {isa = PBXFileReference; lastKnownFileType = sourcecode.swift; path = UIKIt_TipCalculatorTests.swift; sourceTree = "<group>"; };
		4C78CF722C4EAD3400819AF8 /* UIKIt_TipCalculatorUITests.xctest */ = {isa = PBXFileReference; explicitFileType = wrapper.cfbundle; includeInIndex = 0; path = UIKIt_TipCalculatorUITests.xctest; sourceTree = BUILT_PRODUCTS_DIR; };
		4C78CF762C4EAD3400819AF8 /* UIKIt_TipCalculatorUITests.swift */ = {isa = PBXFileReference; lastKnownFileType = sourcecode.swift; path = UIKIt_TipCalculatorUITests.swift; sourceTree = "<group>"; };
		4C78CF782C4EAD3400819AF8 /* UIKIt_TipCalculatorUITestsLaunchTests.swift */ = {isa = PBXFileReference; lastKnownFileType = sourcecode.swift; path = UIKIt_TipCalculatorUITestsLaunchTests.swift; sourceTree = "<group>"; };
/* End PBXFileReference section */

/* Begin PBXFrameworksBuildPhase section */
		4C78CF4F2C4EAD3100819AF8 /* Frameworks */ = {
			isa = PBXFrameworksBuildPhase;
			buildActionMask = 2147483647;
			files = (
			);
			runOnlyForDeploymentPostprocessing = 0;
		};
		4C78CF652C4EAD3400819AF8 /* Frameworks */ = {
			isa = PBXFrameworksBuildPhase;
			buildActionMask = 2147483647;
			files = (
			);
			runOnlyForDeploymentPostprocessing = 0;
		};
		4C78CF6F2C4EAD3400819AF8 /* Frameworks */ = {
			isa = PBXFrameworksBuildPhase;
			buildActionMask = 2147483647;
			files = (
			);
			runOnlyForDeploymentPostprocessing = 0;
		};
/* End PBXFrameworksBuildPhase section */

/* Begin PBXGroup section */
		4C78CF492C4EAD3100819AF8 = {
			isa = PBXGroup;
			children = (
				4C78CF542C4EAD3100819AF8 /* UIKIt_TipCalculator */,
				4C78CF6B2C4EAD3400819AF8 /* UIKIt_TipCalculatorTests */,
				4C78CF752C4EAD3400819AF8 /* UIKIt_TipCalculatorUITests */,
				4C78CF532C4EAD3100819AF8 /* Products */,
			);
			sourceTree = "<group>";
		};
		4C78CF532C4EAD3100819AF8 /* Products */ = {
			isa = PBXGroup;
			children = (
				4C78CF522C4EAD3100819AF8 /* UIKIt_TipCalculator.app */,
				4C78CF682C4EAD3400819AF8 /* UIKIt_TipCalculatorTests.xctest */,
				4C78CF722C4EAD3400819AF8 /* UIKIt_TipCalculatorUITests.xctest */,
			);
			name = Products;
			sourceTree = "<group>";
		};
		4C78CF542C4EAD3100819AF8 /* UIKIt_TipCalculator */ = {
			isa = PBXGroup;
			children = (
				4C78CF552C4EAD3100819AF8 /* AppDelegate.swift */,
				4C78CF572C4EAD3100819AF8 /* SceneDelegate.swift */,
				4C78CF592C4EAD3100819AF8 /* ViewController.swift */,
				4C78CF5B2C4EAD3200819AF8 /* Main.storyboard */,
				4C78CF5E2C4EAD3400819AF8 /* Assets.xcassets */,
				4C78CF602C4EAD3400819AF8 /* LaunchScreen.storyboard */,
				4C78CF632C4EAD3400819AF8 /* Info.plist */,
			);
			path = UIKIt_TipCalculator;
			sourceTree = "<group>";
		};
		4C78CF6B2C4EAD3400819AF8 /* UIKIt_TipCalculatorTests */ = {
			isa = PBXGroup;
			children = (
				4C78CF6C2C4EAD3400819AF8 /* UIKIt_TipCalculatorTests.swift */,
			);
			path = UIKIt_TipCalculatorTests;
			sourceTree = "<group>";
		};
		4C78CF752C4EAD3400819AF8 /* UIKIt_TipCalculatorUITests */ = {
			isa = PBXGroup;
			children = (
				4C78CF762C4EAD3400819AF8 /* UIKIt_TipCalculatorUITests.swift */,
				4C78CF782C4EAD3400819AF8 /* UIKIt_TipCalculatorUITestsLaunchTests.swift */,
			);
			path = UIKIt_TipCalculatorUITests;
			sourceTree = "<group>";
		};
/* End PBXGroup section */

/* Begin PBXNativeTarget section */
		4C78CF512C4EAD3100819AF8 /* UIKIt_TipCalculator */ = {
			isa = PBXNativeTarget;
			buildConfigurationList = 4C78CF7C2C4EAD3400819AF8 /* Build configuration list for PBXNativeTarget "UIKIt_TipCalculator" */;
			buildPhases = (
				4C78CF4E2C4EAD3100819AF8 /* Sources */,
				4C78CF4F2C4EAD3100819AF8 /* Frameworks */,
				4C78CF502C4EAD3100819AF8 /* Resources */,
			);
			buildRules = (
			);
			dependencies = (
			);
			name = UIKIt_TipCalculator;
			productName = UIKIt_TipCalculator;
			productReference = 4C78CF522C4EAD3100819AF8 /* UIKIt_TipCalculator.app */;
			productType = "com.apple.product-type.application";
		};
		4C78CF672C4EAD3400819AF8 /* UIKIt_TipCalculatorTests */ = {
			isa = PBXNativeTarget;
			buildConfigurationList = 4C78CF7F2C4EAD3400819AF8 /* Build configuration list for PBXNativeTarget "UIKIt_TipCalculatorTests" */;
			buildPhases = (
				4C78CF642C4EAD3400819AF8 /* Sources */,
				4C78CF652C4EAD3400819AF8 /* Frameworks */,
				4C78CF662C4EAD3400819AF8 /* Resources */,
			);
			buildRules = (
			);
			dependencies = (
				4C78CF6A2C4EAD3400819AF8 /* PBXTargetDependency */,
			);
			name = UIKIt_TipCalculatorTests;
			productName = UIKIt_TipCalculatorTests;
			productReference = 4C78CF682C4EAD3400819AF8 /* UIKIt_TipCalculatorTests.xctest */;
			productType = "com.apple.product-type.bundle.unit-test";
		};
		4C78CF712C4EAD3400819AF8 /* UIKIt_TipCalculatorUITests */ = {
			isa = PBXNativeTarget;
			buildConfigurationList = 4C78CF822C4EAD3400819AF8 /* Build configuration list for PBXNativeTarget "UIKIt_TipCalculatorUITests" */;
			buildPhases = (
				4C78CF6E2C4EAD3400819AF8 /* Sources */,
				4C78CF6F2C4EAD3400819AF8 /* Frameworks */,
				4C78CF702C4EAD3400819AF8 /* Resources */,
			);
			buildRules = (
			);
			dependencies = (
				4C78CF742C4EAD3400819AF8 /* PBXTargetDependency */,
			);
			name = UIKIt_TipCalculatorUITests;
			productName = UIKIt_TipCalculatorUITests;
			productReference = 4C78CF722C4EAD3400819AF8 /* UIKIt_TipCalculatorUITests.xctest */;
			productType = "com.apple.product-type.bundle.ui-testing";
		};
/* End PBXNativeTarget section */

/* Begin PBXProject section */
		4C78CF4A2C4EAD3100819AF8 /* Project object */ = {
			isa = PBXProject;
			attributes = {
				BuildIndependentTargetsInParallel = 1;
				LastSwiftUpdateCheck = 1540;
				LastUpgradeCheck = 1540;
				TargetAttributes = {
					4C78CF512C4EAD3100819AF8 = {
						CreatedOnToolsVersion = 15.4;
					};
					4C78CF672C4EAD3400819AF8 = {
						CreatedOnToolsVersion = 15.4;
						TestTargetID = 4C78CF512C4EAD3100819AF8;
					};
					4C78CF712C4EAD3400819AF8 = {
						CreatedOnToolsVersion = 15.4;
						TestTargetID = 4C78CF512C4EAD3100819AF8;
					};
				};
			};
			buildConfigurationList = 4C78CF4D2C4EAD3100819AF8 /* Build configuration list for PBXProject "UIKIt_TipCalculator" */;
			compatibilityVersion = "Xcode 14.0";
			developmentRegion = en;
			hasScannedForEncodings = 0;
			knownRegions = (
				en,
				Base,
			);
			mainGroup = 4C78CF492C4EAD3100819AF8;
			productRefGroup = 4C78CF532C4EAD3100819AF8 /* Products */;
			projectDirPath = "";
			projectRoot = "";
			targets = (
				4C78CF512C4EAD3100819AF8 /* UIKIt_TipCalculator */,
				4C78CF672C4EAD3400819AF8 /* UIKIt_TipCalculatorTests */,
				4C78CF712C4EAD3400819AF8 /* UIKIt_TipCalculatorUITests */,
			);
		};
/* End PBXProject section */

/* Begin PBXResourcesBuildPhase section */
		4C78CF502C4EAD3100819AF8 /* Resources */ = {
			isa = PBXResourcesBuildPhase;
			buildActionMask = 2147483647;
			files = (
				4C78CF5F2C4EAD3400819AF8 /* Assets.xcassets in Resources */,
				4C78CF622C4EAD3400819AF8 /* Base in Resources */,
				4C78CF5D2C4EAD3200819AF8 /* Base in Resources */,
			);
			runOnlyForDeploymentPostprocessing = 0;
		};
		4C78CF662C4EAD3400819AF8 /* Resources */ = {
			isa = PBXResourcesBuildPhase;
			buildActionMask = 2147483647;
			files = (
			);
			runOnlyForDeploymentPostprocessing = 0;
		};
		4C78CF702C4EAD3400819AF8 /* Resources */ = {
			isa = PBXResourcesBuildPhase;
			buildActionMask = 2147483647;
			files = (
			);
			runOnlyForDeploymentPostprocessing = 0;
		};
/* End PBXResourcesBuildPhase section */

/* Begin PBXSourcesBuildPhase section */
		4C78CF4E2C4EAD3100819AF8 /* Sources */ = {
			isa = PBXSourcesBuildPhase;
			buildActionMask = 2147483647;
			files = (
				4C78CF5A2C4EAD3100819AF8 /* ViewController.swift in Sources */,
				4C78CF562C4EAD3100819AF8 /* AppDelegate.swift in Sources */,
				4C78CF582C4EAD3100819AF8 /* SceneDelegate.swift in Sources */,
			);
			runOnlyForDeploymentPostprocessing = 0;
		};
		4C78CF642C4EAD3400819AF8 /* Sources */ = {
			isa = PBXSourcesBuildPhase;
			buildActionMask = 2147483647;
			files = (
				4C78CF6D2C4EAD3400819AF8 /* UIKIt_TipCalculatorTests.swift in Sources */,
			);
			runOnlyForDeploymentPostprocessing = 0;
		};
		4C78CF6E2C4EAD3400819AF8 /* Sources */ = {
			isa = PBXSourcesBuildPhase;
			buildActionMask = 2147483647;
			files = (
				4C78CF772C4EAD3400819AF8 /* UIKIt_TipCalculatorUITests.swift in Sources */,
				4C78CF792C4EAD3400819AF8 /* UIKIt_TipCalculatorUITestsLaunchTests.swift in Sources */,
			);
			runOnlyForDeploymentPostprocessing = 0;
		};
/* End PBXSourcesBuildPhase section */

/* Begin PBXTargetDependency section */
		4C78CF6A2C4EAD3400819AF8 /* PBXTargetDependency */ = {
			isa = PBXTargetDependency;
			target = 4C78CF512C4EAD3100819AF8 /* UIKIt_TipCalculator */;
			targetProxy = 4C78CF692C4EAD3400819AF8 /* PBXContainerItemProxy */;
		};
		4C78CF742C4EAD3400819AF8 /* PBXTargetDependency */ = {
			isa = PBXTargetDependency;
			target = 4C78CF512C4EAD3100819AF8 /* UIKIt_TipCalculator */;
			targetProxy = 4C78CF732C4EAD3400819AF8 /* PBXContainerItemProxy */;
		};
/* End PBXTargetDependency section */

/* Begin PBXVariantGroup section */
		4C78CF5B2C4EAD3200819AF8 /* Main.storyboard */ = {
			isa = PBXVariantGroup;
			children = (
				4C78CF5C2C4EAD3200819AF8 /* Base */,
			);
			name = Main.storyboard;
			sourceTree = "<group>";
		};
		4C78CF602C4EAD3400819AF8 /* LaunchScreen.storyboard */ = {
			isa = PBXVariantGroup;
			children = (
				4C78CF612C4EAD3400819AF8 /* Base */,
			);
			name = LaunchScreen.storyboard;
			sourceTree = "<group>";
		};
/* End PBXVariantGroup section */

/* Begin XCBuildConfiguration section */
		4C78CF7A2C4EAD3400819AF8 /* Debug */ = {
			isa = XCBuildConfiguration;
			buildSettings = {
				ALWAYS_SEARCH_USER_PATHS = NO;
				ASSETCATALOG_COMPILER_GENERATE_SWIFT_ASSET_SYMBOL_EXTENSIONS = YES;
				CLANG_ANALYZER_NONNULL = YES;
				CLANG_ANALYZER_NUMBER_OBJECT_CONVERSION = YES_AGGRESSIVE;
				CLANG_CXX_LANGUAGE_STANDARD = "gnu++20";
				CLANG_ENABLE_MODULES = YES;
				CLANG_ENABLE_OBJC_ARC = YES;
				CLANG_ENABLE_OBJC_WEAK = YES;
				CLANG_WARN_BLOCK_CAPTURE_AUTORELEASING = YES;
				CLANG_WARN_BOOL_CONVERSION = YES;
				CLANG_WARN_COMMA = YES;
				CLANG_WARN_CONSTANT_CONVERSION = YES;
				CLANG_WARN_DEPRECATED_OBJC_IMPLEMENTATIONS = YES;
				CLANG_WARN_DIRECT_OBJC_ISA_USAGE = YES_ERROR;
				CLANG_WARN_DOCUMENTATION_COMMENTS = YES;
				CLANG_WARN_EMPTY_BODY = YES;
				CLANG_WARN_ENUM_CONVERSION = YES;
				CLANG_WARN_INFINITE_RECURSION = YES;
				CLANG_WARN_INT_CONVERSION = YES;
				CLANG_WARN_NON_LITERAL_NULL_CONVERSION = YES;
				CLANG_WARN_OBJC_IMPLICIT_RETAIN_SELF = YES;
				CLANG_WARN_OBJC_LITERAL_CONVERSION = YES;
				CLANG_WARN_OBJC_ROOT_CLASS = YES_ERROR;
				CLANG_WARN_QUOTED_INCLUDE_IN_FRAMEWORK_HEADER = YES;
				CLANG_WARN_RANGE_LOOP_ANALYSIS = YES;
				CLANG_WARN_STRICT_PROTOTYPES = YES;
				CLANG_WARN_SUSPICIOUS_MOVE = YES;
				CLANG_WARN_UNGUARDED_AVAILABILITY = YES_AGGRESSIVE;
				CLANG_WARN_UNREACHABLE_CODE = YES;
				CLANG_WARN__DUPLICATE_METHOD_MATCH = YES;
				COPY_PHASE_STRIP = NO;
				DEBUG_INFORMATION_FORMAT = dwarf;
				ENABLE_STRICT_OBJC_MSGSEND = YES;
				ENABLE_TESTABILITY = YES;
				ENABLE_USER_SCRIPT_SANDBOXING = YES;
				GCC_C_LANGUAGE_STANDARD = gnu17;
				GCC_DYNAMIC_NO_PIC = NO;
				GCC_NO_COMMON_BLOCKS = YES;
				GCC_OPTIMIZATION_LEVEL = 0;
				GCC_PREPROCESSOR_DEFINITIONS = (
					"DEBUG=1",
					"$(inherited)",
				);
				GCC_WARN_64_TO_32_BIT_CONVERSION = YES;
				GCC_WARN_ABOUT_RETURN_TYPE = YES_ERROR;
				GCC_WARN_UNDECLARED_SELECTOR = YES;
				GCC_WARN_UNINITIALIZED_AUTOS = YES_AGGRESSIVE;
				GCC_WARN_UNUSED_FUNCTION = YES;
				GCC_WARN_UNUSED_VARIABLE = YES;
				IPHONEOS_DEPLOYMENT_TARGET = 17.5;
				LOCALIZATION_PREFERS_STRING_CATALOGS = YES;
				MTL_ENABLE_DEBUG_INFO = INCLUDE_SOURCE;
				MTL_FAST_MATH = YES;
				ONLY_ACTIVE_ARCH = YES;
				SDKROOT = iphoneos;
				SWIFT_ACTIVE_COMPILATION_CONDITIONS = "DEBUG $(inherited)";
				SWIFT_OPTIMIZATION_LEVEL = "-Onone";
			};
			name = Debug;
		};
		4C78CF7B2C4EAD3400819AF8 /* Release */ = {
			isa = XCBuildConfiguration;
			buildSettings = {
				ALWAYS_SEARCH_USER_PATHS = NO;
				ASSETCATALOG_COMPILER_GENERATE_SWIFT_ASSET_SYMBOL_EXTENSIONS = YES;
				CLANG_ANALYZER_NONNULL = YES;
				CLANG_ANALYZER_NUMBER_OBJECT_CONVERSION = YES_AGGRESSIVE;
				CLANG_CXX_LANGUAGE_STANDARD = "gnu++20";
				CLANG_ENABLE_MODULES = YES;
				CLANG_ENABLE_OBJC_ARC = YES;
				CLANG_ENABLE_OBJC_WEAK = YES;
				CLANG_WARN_BLOCK_CAPTURE_AUTORELEASING = YES;
				CLANG_WARN_BOOL_CONVERSION = YES;
				CLANG_WARN_COMMA = YES;
				CLANG_WARN_CONSTANT_CONVERSION = YES;
				CLANG_WARN_DEPRECATED_OBJC_IMPLEMENTATIONS = YES;
				CLANG_WARN_DIRECT_OBJC_ISA_USAGE = YES_ERROR;
				CLANG_WARN_DOCUMENTATION_COMMENTS = YES;
				CLANG_WARN_EMPTY_BODY = YES;
				CLANG_WARN_ENUM_CONVERSION = YES;
				CLANG_WARN_INFINITE_RECURSION = YES;
				CLANG_WARN_INT_CONVERSION = YES;
				CLANG_WARN_NON_LITERAL_NULL_CONVERSION = YES;
				CLANG_WARN_OBJC_IMPLICIT_RETAIN_SELF = YES;
				CLANG_WARN_OBJC_LITERAL_CONVERSION = YES;
				CLANG_WARN_OBJC_ROOT_CLASS = YES_ERROR;
				CLANG_WARN_QUOTED_INCLUDE_IN_FRAMEWORK_HEADER = YES;
				CLANG_WARN_RANGE_LOOP_ANALYSIS = YES;
				CLANG_WARN_STRICT_PROTOTYPES = YES;
				CLANG_WARN_SUSPICIOUS_MOVE = YES;
				CLANG_WARN_UNGUARDED_AVAILABILITY = YES_AGGRESSIVE;
				CLANG_WARN_UNREACHABLE_CODE = YES;
				CLANG_WARN__DUPLICATE_METHOD_MATCH = YES;
				COPY_PHASE_STRIP = NO;
				DEBUG_INFORMATION_FORMAT = "dwarf-with-dsym";
				ENABLE_NS_ASSERTIONS = NO;
				ENABLE_STRICT_OBJC_MSGSEND = YES;
				ENABLE_USER_SCRIPT_SANDBOXING = YES;
				GCC_C_LANGUAGE_STANDARD = gnu17;
				GCC_NO_COMMON_BLOCKS = YES;
				GCC_WARN_64_TO_32_BIT_CONVERSION = YES;
				GCC_WARN_ABOUT_RETURN_TYPE = YES_ERROR;
				GCC_WARN_UNDECLARED_SELECTOR = YES;
				GCC_WARN_UNINITIALIZED_AUTOS = YES_AGGRESSIVE;
				GCC_WARN_UNUSED_FUNCTION = YES;
				GCC_WARN_UNUSED_VARIABLE = YES;
				IPHONEOS_DEPLOYMENT_TARGET = 17.5;
				LOCALIZATION_PREFERS_STRING_CATALOGS = YES;
				MTL_ENABLE_DEBUG_INFO = NO;
				MTL_FAST_MATH = YES;
				SDKROOT = iphoneos;
				SWIFT_COMPILATION_MODE = wholemodule;
				VALIDATE_PRODUCT = YES;
			};
			name = Release;
		};
		4C78CF7D2C4EAD3400819AF8 /* Debug */ = {
			isa = XCBuildConfiguration;
			buildSettings = {
				ASSETCATALOG_COMPILER_APPICON_NAME = AppIcon;
				ASSETCATALOG_COMPILER_GLOBAL_ACCENT_COLOR_NAME = AccentColor;
				CODE_SIGN_STYLE = Automatic;
				CURRENT_PROJECT_VERSION = 1;
				GENERATE_INFOPLIST_FILE = YES;
				INFOPLIST_FILE = UIKIt_TipCalculator/Info.plist;
				INFOPLIST_KEY_UIApplicationSupportsIndirectInputEvents = YES;
				INFOPLIST_KEY_UILaunchStoryboardName = LaunchScreen;
				INFOPLIST_KEY_UIMainStoryboardFile = Main;
				INFOPLIST_KEY_UISupportedInterfaceOrientations_iPad = "UIInterfaceOrientationPortrait UIInterfaceOrientationPortraitUpsideDown UIInterfaceOrientationLandscapeLeft UIInterfaceOrientationLandscapeRight";
				INFOPLIST_KEY_UISupportedInterfaceOrientations_iPhone = "UIInterfaceOrientationPortrait UIInterfaceOrientationLandscapeLeft UIInterfaceOrientationLandscapeRight";
				LD_RUNPATH_SEARCH_PATHS = (
					"$(inherited)",
					"@executable_path/Frameworks",
				);
				MARKETING_VERSION = 1.0;
				PRODUCT_BUNDLE_IDENTIFIER = "any.UIKIt-TipCalculator";
				PRODUCT_NAME = "$(TARGET_NAME)";
				SWIFT_EMIT_LOC_STRINGS = YES;
				SWIFT_VERSION = 5.0;
				TARGETED_DEVICE_FAMILY = "1,2";
			};
			name = Debug;
		};
		4C78CF7E2C4EAD3400819AF8 /* Release */ = {
			isa = XCBuildConfiguration;
			buildSettings = {
				ASSETCATALOG_COMPILER_APPICON_NAME = AppIcon;
				ASSETCATALOG_COMPILER_GLOBAL_ACCENT_COLOR_NAME = AccentColor;
				CODE_SIGN_STYLE = Automatic;
				CURRENT_PROJECT_VERSION = 1;
				GENERATE_INFOPLIST_FILE = YES;
				INFOPLIST_FILE = UIKIt_TipCalculator/Info.plist;
				INFOPLIST_KEY_UIApplicationSupportsIndirectInputEvents = YES;
				INFOPLIST_KEY_UILaunchStoryboardName = LaunchScreen;
				INFOPLIST_KEY_UIMainStoryboardFile = Main;
				INFOPLIST_KEY_UISupportedInterfaceOrientations_iPad = "UIInterfaceOrientationPortrait UIInterfaceOrientationPortraitUpsideDown UIInterfaceOrientationLandscapeLeft UIInterfaceOrientationLandscapeRight";
				INFOPLIST_KEY_UISupportedInterfaceOrientations_iPhone = "UIInterfaceOrientationPortrait UIInterfaceOrientationLandscapeLeft UIInterfaceOrientationLandscapeRight";
				LD_RUNPATH_SEARCH_PATHS = (
					"$(inherited)",
					"@executable_path/Frameworks",
				);
				MARKETING_VERSION = 1.0;
				PRODUCT_BUNDLE_IDENTIFIER = "any.UIKIt-TipCalculator";
				PRODUCT_NAME = "$(TARGET_NAME)";
				SWIFT_EMIT_LOC_STRINGS = YES;
				SWIFT_VERSION = 5.0;
				TARGETED_DEVICE_FAMILY = "1,2";
			};
			name = Release;
		};
		4C78CF802C4EAD3400819AF8 /* Debug */ = {
			isa = XCBuildConfiguration;
			buildSettings = {
				ALWAYS_EMBED_SWIFT_STANDARD_LIBRARIES = YES;
				BUNDLE_LOADER = "$(TEST_HOST)";
				CODE_SIGN_STYLE = Automatic;
				CURRENT_PROJECT_VERSION = 1;
				GENERATE_INFOPLIST_FILE = YES;
				IPHONEOS_DEPLOYMENT_TARGET = 17.5;
				MARKETING_VERSION = 1.0;
				PRODUCT_BUNDLE_IDENTIFIER = "any.UIKIt-TipCalculatorTests";
				PRODUCT_NAME = "$(TARGET_NAME)";
				SWIFT_EMIT_LOC_STRINGS = NO;
				SWIFT_VERSION = 5.0;
				TARGETED_DEVICE_FAMILY = "1,2";
				TEST_HOST = "$(BUILT_PRODUCTS_DIR)/UIKIt_TipCalculator.app/$(BUNDLE_EXECUTABLE_FOLDER_PATH)/UIKIt_TipCalculator";
			};
			name = Debug;
		};
		4C78CF812C4EAD3400819AF8 /* Release */ = {
			isa = XCBuildConfiguration;
			buildSettings = {
				ALWAYS_EMBED_SWIFT_STANDARD_LIBRARIES = YES;
				BUNDLE_LOADER = "$(TEST_HOST)";
				CODE_SIGN_STYLE = Automatic;
				CURRENT_PROJECT_VERSION = 1;
				GENERATE_INFOPLIST_FILE = YES;
				IPHONEOS_DEPLOYMENT_TARGET = 17.5;
				MARKETING_VERSION = 1.0;
				PRODUCT_BUNDLE_IDENTIFIER = "any.UIKIt-TipCalculatorTests";
				PRODUCT_NAME = "$(TARGET_NAME)";
				SWIFT_EMIT_LOC_STRINGS = NO;
				SWIFT_VERSION = 5.0;
				TARGETED_DEVICE_FAMILY = "1,2";
				TEST_HOST = "$(BUILT_PRODUCTS_DIR)/UIKIt_TipCalculator.app/$(BUNDLE_EXECUTABLE_FOLDER_PATH)/UIKIt_TipCalculator";
			};
			name = Release;
		};
		4C78CF832C4EAD3400819AF8 /* Debug */ = {
			isa = XCBuildConfiguration;
			buildSettings = {
				ALWAYS_EMBED_SWIFT_STANDARD_LIBRARIES = YES;
				CODE_SIGN_STYLE = Automatic;
				CURRENT_PROJECT_VERSION = 1;
				GENERATE_INFOPLIST_FILE = YES;
				MARKETING_VERSION = 1.0;
				PRODUCT_BUNDLE_IDENTIFIER = "any.UIKIt-TipCalculatorUITests";
				PRODUCT_NAME = "$(TARGET_NAME)";
				SWIFT_EMIT_LOC_STRINGS = NO;
				SWIFT_VERSION = 5.0;
				TARGETED_DEVICE_FAMILY = "1,2";
				TEST_TARGET_NAME = UIKIt_TipCalculator;
			};
			name = Debug;
		};
		4C78CF842C4EAD3400819AF8 /* Release */ = {
			isa = XCBuildConfiguration;
			buildSettings = {
				ALWAYS_EMBED_SWIFT_STANDARD_LIBRARIES = YES;
				CODE_SIGN_STYLE = Automatic;
				CURRENT_PROJECT_VERSION = 1;
				GENERATE_INFOPLIST_FILE = YES;
				MARKETING_VERSION = 1.0;
				PRODUCT_BUNDLE_IDENTIFIER = "any.UIKIt-TipCalculatorUITests";
				PRODUCT_NAME = "$(TARGET_NAME)";
				SWIFT_EMIT_LOC_STRINGS = NO;
				SWIFT_VERSION = 5.0;
				TARGETED_DEVICE_FAMILY = "1,2";
				TEST_TARGET_NAME = UIKIt_TipCalculator;
			};
			name = Release;
		};
/* End XCBuildConfiguration section */

/* Begin XCConfigurationList section */
		4C78CF4D2C4EAD3100819AF8 /* Build configuration list for PBXProject "UIKIt_TipCalculator" */ = {
			isa = XCConfigurationList;
			buildConfigurations = (
				4C78CF7A2C4EAD3400819AF8 /* Debug */,
				4C78CF7B2C4EAD3400819AF8 /* Release */,
			);
			defaultConfigurationIsVisible = 0;
			defaultConfigurationName = Release;
		};
		4C78CF7C2C4EAD3400819AF8 /* Build configuration list for PBXNativeTarget "UIKIt_TipCalculator" */ = {
			isa = XCConfigurationList;
			buildConfigurations = (
				4C78CF7D2C4EAD3400819AF8 /* Debug */,
				4C78CF7E2C4EAD3400819AF8 /* Release */,
			);
			defaultConfigurationIsVisible = 0;
			defaultConfigurationName = Release;
		};
		4C78CF7F2C4EAD3400819AF8 /* Build configuration list for PBXNativeTarget "UIKIt_TipCalculatorTests" */ = {
			isa = XCConfigurationList;
			buildConfigurations = (
				4C78CF802C4EAD3400819AF8 /* Debug */,
				4C78CF812C4EAD3400819AF8 /* Release */,
			);
			defaultConfigurationIsVisible = 0;
			defaultConfigurationName = Release;
		};
		4C78CF822C4EAD3400819AF8 /* Build configuration list for PBXNativeTarget "UIKIt_TipCalculatorUITests" */ = {
			isa = XCConfigurationList;
			buildConfigurations = (
				4C78CF832C4EAD3400819AF8 /* Debug */,
				4C78CF842C4EAD3400819AF8 /* Release */,
			);
			defaultConfigurationIsVisible = 0;
			defaultConfigurationName = Release;
		};
/* End XCConfigurationList section */
	};
	rootObject = 4C78CF4A2C4EAD3100819AF8 /* Project object */;
}
